
Microsoft Visual Studio Solution File, Format Version 12.00
# Visual Studio Version 16
VisualStudioVersion = 16.0.29009.5
MinimumVisualStudioVersion = 10.0.40219.1
Project("{FAE04EC0-301F-11D3-BF4B-00C04F79EFBC}") = "ApiTest", "ApiTest\ApiTest.csproj", "{F3440A08-84F0-4E33-9C1B-9F80CB06DFE0}"
EndProject
Project("{FAE04EC0-301F-11D3-BF4B-00C04F79EFBC}") = "Services", "Services\Services.csproj", "{122D065A-1BA4-4ABF-900C-02FEBD9BE97F}"
EndProject
Project("{FAE04EC0-301F-11D3-BF4B-00C04F79EFBC}") = "Models", "Models\Models.csproj", "{57AF14F3-4AEE-4CB7-A536-B08398F2735A}"
EndProject
Global
	GlobalSection(SolutionConfigurationPlatforms) = preSolution
		Debug|Any CPU = Debug|Any CPU
		Release|Any CPU = Release|Any CPU
	EndGlobalSection
	GlobalSection(ProjectConfigurationPlatforms) = postSolution
		{F3440A08-84F0-4E33-9C1B-9F80CB06DFE0}.Debug|Any CPU.ActiveCfg = Debug|Any CPU
		{F3440A08-84F0-4E33-9C1B-9F80CB06DFE0}.Debug|Any CPU.Build.0 = Debug|Any CPU
		{F3440A08-84F0-4E33-9C1B-9F80CB06DFE0}.Release|Any CPU.ActiveCfg = Release|Any CPU
		{F3440A08-84F0-4E33-9C1B-9F80CB06DFE0}.Release|Any CPU.Build.0 = Release|Any CPU
		{122D065A-1BA4-4ABF-900C-02FEBD9BE97F}.Debug|Any CPU.ActiveCfg = Debug|Any CPU
		{122D065A-1BA4-4ABF-900C-02FEBD9BE97F}.Debug|Any CPU.Build.0 = Debug|Any CPU
		{122D065A-1BA4-4ABF-900C-02FEBD9BE97F}.Release|Any CPU.ActiveCfg = Release|Any CPU
		{122D065A-1BA4-4ABF-900C-02FEBD9BE97F}.Release|Any CPU.Build.0 = Release|Any CPU
		{57AF14F3-4AEE-4CB7-A536-B08398F2735A}.Debug|Any CPU.ActiveCfg = Debug|Any CPU
		{57AF14F3-4AEE-4CB7-A536-B08398F2735A}.Debug|Any CPU.Build.0 = Debug|Any CPU
		{57AF14F3-4AEE-4CB7-A536-B08398F2735A}.Release|Any CPU.ActiveCfg = Release|Any CPU
		{57AF14F3-4AEE-4CB7-A536-B08398F2735A}.Release|Any CPU.Build.0 = Release|Any CPU
	EndGlobalSection
	GlobalSection(SolutionProperties) = preSolution
		HideSolutionNode = FALSE
	EndGlobalSection
	GlobalSection(ExtensibilityGlobals) = postSolution
		SolutionGuid = {56076FB2-63FC-406A-A057-35D4B35F5003}
	EndGlobalSection
EndGlobal
